
Microsoft Visual Studio Solution File, Format Version 12.00
Project("{FAE04EC0-301F-11D3-BF4B-00C04F79EFBC}") = "GrpcService", "GrpcService\GrpcService.csproj", "{CAFAE896-9252-491C-A591-C0C13F71EC12}"
EndProject
Global
	GlobalSection(SolutionConfigurationPlatforms) = preSolution
		Debug|Any CPU = Debug|Any CPU
		Release|Any CPU = Release|Any CPU
	EndGlobalSection
	GlobalSection(ProjectConfigurationPlatforms) = postSolution
		{CAFAE896-9252-491C-A591-C0C13F71EC12}.Debug|Any CPU.ActiveCfg = Debug|Any CPU
		{CAFAE896-9252-491C-A591-C0C13F71EC12}.Debug|Any CPU.Build.0 = Debug|Any CPU
		{CAFAE896-9252-491C-A591-C0C13F71EC12}.Release|Any CPU.ActiveCfg = Release|Any CPU
		{CAFAE896-9252-491C-A591-C0C13F71EC12}.Release|Any CPU.Build.0 = Release|Any CPU
	EndGlobalSection
EndGlobal
